// !$*UTF8*$!
{
	archiveVersion = 1;
	classes = {
	};
	objectVersion = 50;
	objects = {

/* Begin PBXBuildFile section */
		290E0000207F83D50004AAD4 /* ServiceResult.swift in Sources */ = {isa = PBXBuildFile; fileRef = 290EFFFF207F83D50004AAD4 /* ServiceResult.swift */; };
		290E0002207F84640004AAD4 /* DataUtility.swift in Sources */ = {isa = PBXBuildFile; fileRef = 290E0001207F84640004AAD4 /* DataUtility.swift */; };
		290E0005207F890F0004AAD4 /* StoryboardUtility.swift in Sources */ = {isa = PBXBuildFile; fileRef = 290E0004207F890F0004AAD4 /* StoryboardUtility.swift */; };
		290EFFF6207F37CE0004AAD4 /* NoticeTableViewCell.swift in Sources */ = {isa = PBXBuildFile; fileRef = 290EFFF4207F37CE0004AAD4 /* NoticeTableViewCell.swift */; };
		290EFFF7207F37CE0004AAD4 /* NoticeTableViewCell.xib in Resources */ = {isa = PBXBuildFile; fileRef = 290EFFF5207F37CE0004AAD4 /* NoticeTableViewCell.xib */; };
		290EFFF9207F5B340004AAD4 /* MainData.swift in Sources */ = {isa = PBXBuildFile; fileRef = 290EFFF8207F5B340004AAD4 /* MainData.swift */; };
		290EFFFC207F7E670004AAD4 /* GetService.swift in Sources */ = {isa = PBXBuildFile; fileRef = 290EFFFB207F7E670004AAD4 /* GetService.swift */; };
		290EFFFE207F7FF90004AAD4 /* API.swift in Sources */ = {isa = PBXBuildFile; fileRef = 290EFFFD207F7FF90004AAD4 /* API.swift */; };
		290F540F2083A7B20061A878 /* ImageService.swift in Sources */ = {isa = PBXBuildFile; fileRef = 290F540E2083A7B20061A878 /* ImageService.swift */; };
		290F54112084015D0061A878 /* ImageCacheSetup.swift in Sources */ = {isa = PBXBuildFile; fileRef = 290F54102084015D0061A878 /* ImageCacheSetup.swift */; };
		291C9F1420728D490085E37E /* MainNetwork.swift in Sources */ = {isa = PBXBuildFile; fileRef = 291C9F1320728D490085E37E /* MainNetwork.swift */; };
		291C9F2120749CBA0085E37E /* NoticeImageView.swift in Sources */ = {isa = PBXBuildFile; fileRef = 291C9F2020749CBA0085E37E /* NoticeImageView.swift */; };
		291C9F2320749CCE0085E37E /* NoticeImageView.xib in Resources */ = {isa = PBXBuildFile; fileRef = 291C9F2220749CCE0085E37E /* NoticeImageView.xib */; };
		291C9F292075CDBD0085E37E /* MainRestView.swift in Sources */ = {isa = PBXBuildFile; fileRef = 291C9F282075CDBD0085E37E /* MainRestView.swift */; };
		291C9F2B2075CDC50085E37E /* MainRestView.xib in Resources */ = {isa = PBXBuildFile; fileRef = 291C9F2A2075CDC50085E37E /* MainRestView.xib */; };
		291C9F2E2075FAD80085E37E /* MainRestTableViewCell.swift in Sources */ = {isa = PBXBuildFile; fileRef = 291C9F2C2075FAD80085E37E /* MainRestTableViewCell.swift */; };
		291C9F2F2075FAD80085E37E /* MainRestTableViewCell.xib in Resources */ = {isa = PBXBuildFile; fileRef = 291C9F2D2075FAD80085E37E /* MainRestTableViewCell.xib */; };
		291C9F32207629A10085E37E /* MainInviteTableViewCell.swift in Sources */ = {isa = PBXBuildFile; fileRef = 291C9F30207629A10085E37E /* MainInviteTableViewCell.swift */; };
		291C9F33207629A10085E37E /* MainInviteTableViewCell.xib in Resources */ = {isa = PBXBuildFile; fileRef = 291C9F31207629A10085E37E /* MainInviteTableViewCell.xib */; };
		291C9F53207736720085E37E /* SystemData.swift in Sources */ = {isa = PBXBuildFile; fileRef = 291C9F52207736720085E37E /* SystemData.swift */; };
		291C9F55207736BB0085E37E /* UserData.swift in Sources */ = {isa = PBXBuildFile; fileRef = 291C9F54207736BB0085E37E /* UserData.swift */; };
		29DF70E4207E393800E1D023 /* SetTableAutolayout.swift in Sources */ = {isa = PBXBuildFile; fileRef = 29DF70E3207E393800E1D023 /* SetTableAutolayout.swift */; };
		29DF70E6207ED7E400E1D023 /* MainHeaderInSection.swift in Sources */ = {isa = PBXBuildFile; fileRef = 29DF70E5207ED7E400E1D023 /* MainHeaderInSection.swift */; };
		29DF70E8207ED7F300E1D023 /* MainHeaderInSection.xib in Resources */ = {isa = PBXBuildFile; fileRef = 29DF70E7207ED7F300E1D023 /* MainHeaderInSection.xib */; };
		809B12B4F4AEE34759F6AA35 /* Pods_OverEats.framework in Frameworks */ = {isa = PBXBuildFile; fileRef = 5C9A569FD85EAB1F2AB0E133 /* Pods_OverEats.framework */; };
		8E3A5FFC207DB14900EB5747 /* Setting.storyboard in Resources */ = {isa = PBXBuildFile; fileRef = 8E3A5FFB207DB14900EB5747 /* Setting.storyboard */; };
		8E3A6000207DB5FB00EB5747 /* SettingViewController.swift in Sources */ = {isa = PBXBuildFile; fileRef = 8E3A5FFF207DB5FB00EB5747 /* SettingViewController.swift */; };
		8E3A6004207DB89900EB5747 /* SettingHeaderView.swift in Sources */ = {isa = PBXBuildFile; fileRef = 8E3A6003207DB89900EB5747 /* SettingHeaderView.swift */; };
		8E3A6007207DBA9A00EB5747 /* SettingCell.swift in Sources */ = {isa = PBXBuildFile; fileRef = 8E3A6005207DBA9A00EB5747 /* SettingCell.swift */; };
		8E3A6008207DBA9A00EB5747 /* SettingCell.xib in Resources */ = {isa = PBXBuildFile; fileRef = 8E3A6006207DBA9A00EB5747 /* SettingCell.xib */; };
		8E3A600B207E480400EB5747 /* images.jpg in Resources */ = {isa = PBXBuildFile; fileRef = 8E3A600A207E480400EB5747 /* images.jpg */; };
		8E3A602D2084485100EB5747 /* MainViewController.swift in Sources */ = {isa = PBXBuildFile; fileRef = 8E3A602C2084485100EB5747 /* MainViewController.swift */; };
		8E5B9E692079856900921EF4 /* MenuHeaderView.swift in Sources */ = {isa = PBXBuildFile; fileRef = 8E5B9E682079856900921EF4 /* MenuHeaderView.swift */; };
		8E5B9E7420798BA300921EF4 /* MenuListCell.swift in Sources */ = {isa = PBXBuildFile; fileRef = 8E5B9E7220798BA300921EF4 /* MenuListCell.swift */; };
		8E5B9E7520798BA300921EF4 /* MenuListCell.xib in Resources */ = {isa = PBXBuildFile; fileRef = 8E5B9E7320798BA300921EF4 /* MenuListCell.xib */; };
		8E8A63692071E481007D9B7A /* Sign.storyboard in Resources */ = {isa = PBXBuildFile; fileRef = 8E8A63682071E481007D9B7A /* Sign.storyboard */; };
		8E8A636E2071E583007D9B7A /* SignViewController.swift in Sources */ = {isa = PBXBuildFile; fileRef = 8E8A636D2071E583007D9B7A /* SignViewController.swift */; };
		8E8A63732071E7C3007D9B7A /* MenuViewController.swift in Sources */ = {isa = PBXBuildFile; fileRef = 8E8A63722071E7C3007D9B7A /* MenuViewController.swift */; };
		8E8A637A2071EAD0007D9B7A /* Menu.storyboard in Resources */ = {isa = PBXBuildFile; fileRef = 8E8A63792071EAD0007D9B7A /* Menu.storyboard */; };
		8E8A637E2071F7BF007D9B7A /* AppColor.swift in Sources */ = {isa = PBXBuildFile; fileRef = 8E8A637D2071F7BF007D9B7A /* AppColor.swift */; };
		8E9672C4207349F10061B7C5 /* SelectMenuViewController.swift in Sources */ = {isa = PBXBuildFile; fileRef = 8E9672C3207349F10061B7C5 /* SelectMenuViewController.swift */; };
		8E9672C82074AEA60061B7C5 /* RequestViewController.swift in Sources */ = {isa = PBXBuildFile; fileRef = 8E9672C72074AEA60061B7C5 /* RequestViewController.swift */; };
		8EE0738C208468ED0000E22B /* MenuData.swift in Sources */ = {isa = PBXBuildFile; fileRef = 8EE0738B208468ED0000E22B /* MenuData.swift */; };
		8EE073B02085E49C0000E22B /* CustomTransition.swift in Sources */ = {isa = PBXBuildFile; fileRef = 8EE073AF2085E49C0000E22B /* CustomTransition.swift */; };
		8EE538B9206E25AD006BAC26 /* AppDelegate.swift in Sources */ = {isa = PBXBuildFile; fileRef = 8EE538B8206E25AD006BAC26 /* AppDelegate.swift */; };
		8EE538BE206E25AD006BAC26 /* Main.storyboard in Resources */ = {isa = PBXBuildFile; fileRef = 8EE538BC206E25AD006BAC26 /* Main.storyboard */; };
		8EE538C0206E25AE006BAC26 /* Assets.xcassets in Resources */ = {isa = PBXBuildFile; fileRef = 8EE538BF206E25AE006BAC26 /* Assets.xcassets */; };
		8EE538C3206E25AE006BAC26 /* LaunchScreen.storyboard in Resources */ = {isa = PBXBuildFile; fileRef = 8EE538C1206E25AE006BAC26 /* LaunchScreen.storyboard */; };
		8EECDB1C208615B200151F43 /* Cart.storyboard in Resources */ = {isa = PBXBuildFile; fileRef = 8EECDB1B208615B200151F43 /* Cart.storyboard */; };
		8EECDB262086258C00151F43 /* CartHeaderView.swift in Sources */ = {isa = PBXBuildFile; fileRef = 8EECDB252086258C00151F43 /* CartHeaderView.swift */; };
		8EECDB2C20862E3100151F43 /* CartViewController.swift in Sources */ = {isa = PBXBuildFile; fileRef = 8EECDB2B20862E3100151F43 /* CartViewController.swift */; };
		8EECDB2E2086EB3F00151F43 /* CartFooterView.swift in Sources */ = {isa = PBXBuildFile; fileRef = 8EECDB2D2086EB3F00151F43 /* CartFooterView.swift */; };
		8EECDB302086EB4F00151F43 /* CartFooterView.xib in Resources */ = {isa = PBXBuildFile; fileRef = 8EECDB2F2086EB4F00151F43 /* CartFooterView.xib */; };
		8EECDB332086F2AC00151F43 /* CartCell.swift in Sources */ = {isa = PBXBuildFile; fileRef = 8EECDB312086F2AC00151F43 /* CartCell.swift */; };
		8EECDB342086F2AC00151F43 /* CartCell.xib in Resources */ = {isa = PBXBuildFile; fileRef = 8EECDB322086F2AC00151F43 /* CartCell.xib */; };
		9E46E53D2077D59900FA9721 /* LocationViewController.swift in Sources */ = {isa = PBXBuildFile; fileRef = 9E46E53C2077D59900FA9721 /* LocationViewController.swift */; };
		9E60DCCE2074BF4700B9528A /* CreateIDViewController.swift in Sources */ = {isa = PBXBuildFile; fileRef = 9E60DCCD2074BF4700B9528A /* CreateIDViewController.swift */; };
		9E60DCD02074C08F00B9528A /* ProfileCreateViewController.swift in Sources */ = {isa = PBXBuildFile; fileRef = 9E60DCCF2074C08F00B9528A /* ProfileCreateViewController.swift */; };
		9E60DCD22074D1F900B9528A /* ToSViewController.swift in Sources */ = {isa = PBXBuildFile; fileRef = 9E60DCD12074D1F900B9528A /* ToSViewController.swift */; };
/* End PBXBuildFile section */

/* Begin PBXFileReference section */
		215C48F756A0F1994845C08A /* Pods-OverEats.debug.xcconfig */ = {isa = PBXFileReference; includeInIndex = 1; lastKnownFileType = text.xcconfig; name = "Pods-OverEats.debug.xcconfig"; path = "Pods/Target Support Files/Pods-OverEats/Pods-OverEats.debug.xcconfig"; sourceTree = "<group>"; };
		290E0001207F84640004AAD4 /* DataUtility.swift */ = {isa = PBXFileReference; lastKnownFileType = sourcecode.swift; path = DataUtility.swift; sourceTree = "<group>"; };
		290E0004207F890F0004AAD4 /* StoryboardUtility.swift */ = {isa = PBXFileReference; lastKnownFileType = sourcecode.swift; path = StoryboardUtility.swift; sourceTree = "<group>"; };
		290EFFF4207F37CE0004AAD4 /* NoticeTableViewCell.swift */ = {isa = PBXFileReference; lastKnownFileType = sourcecode.swift; path = NoticeTableViewCell.swift; sourceTree = "<group>"; };
		290EFFF5207F37CE0004AAD4 /* NoticeTableViewCell.xib */ = {isa = PBXFileReference; lastKnownFileType = file.xib; path = NoticeTableViewCell.xib; sourceTree = "<group>"; };
		290EFFF8207F5B340004AAD4 /* MainData.swift */ = {isa = PBXFileReference; lastKnownFileType = sourcecode.swift; path = MainData.swift; sourceTree = "<group>"; };
		290EFFFB207F7E670004AAD4 /* GetService.swift */ = {isa = PBXFileReference; lastKnownFileType = sourcecode.swift; path = GetService.swift; sourceTree = "<group>"; };
		290EFFFD207F7FF90004AAD4 /* API.swift */ = {isa = PBXFileReference; lastKnownFileType = sourcecode.swift; path = API.swift; sourceTree = "<group>"; };
		290EFFFF207F83D50004AAD4 /* ServiceResult.swift */ = {isa = PBXFileReference; lastKnownFileType = sourcecode.swift; path = ServiceResult.swift; sourceTree = "<group>"; };
		290F540E2083A7B20061A878 /* ImageService.swift */ = {isa = PBXFileReference; lastKnownFileType = sourcecode.swift; path = ImageService.swift; sourceTree = "<group>"; };
		290F54102084015D0061A878 /* ImageCacheSetup.swift */ = {isa = PBXFileReference; lastKnownFileType = sourcecode.swift; path = ImageCacheSetup.swift; sourceTree = "<group>"; };
		291C9F1320728D490085E37E /* MainNetwork.swift */ = {isa = PBXFileReference; lastKnownFileType = sourcecode.swift; path = MainNetwork.swift; sourceTree = "<group>"; };
		291C9F2020749CBA0085E37E /* NoticeImageView.swift */ = {isa = PBXFileReference; lastKnownFileType = sourcecode.swift; path = NoticeImageView.swift; sourceTree = "<group>"; };
		291C9F2220749CCE0085E37E /* NoticeImageView.xib */ = {isa = PBXFileReference; lastKnownFileType = file.xib; path = NoticeImageView.xib; sourceTree = "<group>"; };
		291C9F282075CDBD0085E37E /* MainRestView.swift */ = {isa = PBXFileReference; lastKnownFileType = sourcecode.swift; path = MainRestView.swift; sourceTree = "<group>"; };
		291C9F2A2075CDC50085E37E /* MainRestView.xib */ = {isa = PBXFileReference; lastKnownFileType = file.xib; path = MainRestView.xib; sourceTree = "<group>"; };
		291C9F2C2075FAD80085E37E /* MainRestTableViewCell.swift */ = {isa = PBXFileReference; lastKnownFileType = sourcecode.swift; path = MainRestTableViewCell.swift; sourceTree = "<group>"; };
		291C9F2D2075FAD80085E37E /* MainRestTableViewCell.xib */ = {isa = PBXFileReference; lastKnownFileType = file.xib; path = MainRestTableViewCell.xib; sourceTree = "<group>"; };
		291C9F30207629A10085E37E /* MainInviteTableViewCell.swift */ = {isa = PBXFileReference; lastKnownFileType = sourcecode.swift; path = MainInviteTableViewCell.swift; sourceTree = "<group>"; };
		291C9F31207629A10085E37E /* MainInviteTableViewCell.xib */ = {isa = PBXFileReference; lastKnownFileType = file.xib; path = MainInviteTableViewCell.xib; sourceTree = "<group>"; };
		291C9F52207736720085E37E /* SystemData.swift */ = {isa = PBXFileReference; lastKnownFileType = sourcecode.swift; path = SystemData.swift; sourceTree = "<group>"; };
		291C9F54207736BB0085E37E /* UserData.swift */ = {isa = PBXFileReference; lastKnownFileType = sourcecode.swift; path = UserData.swift; sourceTree = "<group>"; };
		29DF70E3207E393800E1D023 /* SetTableAutolayout.swift */ = {isa = PBXFileReference; lastKnownFileType = sourcecode.swift; path = SetTableAutolayout.swift; sourceTree = "<group>"; };
		29DF70E5207ED7E400E1D023 /* MainHeaderInSection.swift */ = {isa = PBXFileReference; lastKnownFileType = sourcecode.swift; path = MainHeaderInSection.swift; sourceTree = "<group>"; };
		29DF70E7207ED7F300E1D023 /* MainHeaderInSection.xib */ = {isa = PBXFileReference; lastKnownFileType = file.xib; path = MainHeaderInSection.xib; sourceTree = "<group>"; };
		5C9A569FD85EAB1F2AB0E133 /* Pods_OverEats.framework */ = {isa = PBXFileReference; explicitFileType = wrapper.framework; includeInIndex = 0; path = Pods_OverEats.framework; sourceTree = BUILT_PRODUCTS_DIR; };
		8E3A5FFB207DB14900EB5747 /* Setting.storyboard */ = {isa = PBXFileReference; lastKnownFileType = file.storyboard; path = Setting.storyboard; sourceTree = "<group>"; };
		8E3A5FFF207DB5FB00EB5747 /* SettingViewController.swift */ = {isa = PBXFileReference; lastKnownFileType = sourcecode.swift; path = SettingViewController.swift; sourceTree = "<group>"; };
		8E3A6003207DB89900EB5747 /* SettingHeaderView.swift */ = {isa = PBXFileReference; lastKnownFileType = sourcecode.swift; path = SettingHeaderView.swift; sourceTree = "<group>"; };
		8E3A6005207DBA9A00EB5747 /* SettingCell.swift */ = {isa = PBXFileReference; lastKnownFileType = sourcecode.swift; path = SettingCell.swift; sourceTree = "<group>"; };
		8E3A6006207DBA9A00EB5747 /* SettingCell.xib */ = {isa = PBXFileReference; lastKnownFileType = file.xib; path = SettingCell.xib; sourceTree = "<group>"; };
		8E3A600A207E480400EB5747 /* images.jpg */ = {isa = PBXFileReference; lastKnownFileType = image.jpeg; name = images.jpg; path = ../../../../Downloads/images.jpg; sourceTree = "<group>"; };
		8E3A602C2084485100EB5747 /* MainViewController.swift */ = {isa = PBXFileReference; fileEncoding = 4; lastKnownFileType = sourcecode.swift; path = MainViewController.swift; sourceTree = "<group>"; };
		8E5B9E682079856900921EF4 /* MenuHeaderView.swift */ = {isa = PBXFileReference; lastKnownFileType = sourcecode.swift; path = MenuHeaderView.swift; sourceTree = "<group>"; };
		8E5B9E7220798BA300921EF4 /* MenuListCell.swift */ = {isa = PBXFileReference; lastKnownFileType = sourcecode.swift; path = MenuListCell.swift; sourceTree = "<group>"; };
		8E5B9E7320798BA300921EF4 /* MenuListCell.xib */ = {isa = PBXFileReference; lastKnownFileType = file.xib; path = MenuListCell.xib; sourceTree = "<group>"; };
		8E8A63682071E481007D9B7A /* Sign.storyboard */ = {isa = PBXFileReference; lastKnownFileType = file.storyboard; path = Sign.storyboard; sourceTree = "<group>"; };
		8E8A636D2071E583007D9B7A /* SignViewController.swift */ = {isa = PBXFileReference; lastKnownFileType = sourcecode.swift; path = SignViewController.swift; sourceTree = "<group>"; };
		8E8A63722071E7C3007D9B7A /* MenuViewController.swift */ = {isa = PBXFileReference; lastKnownFileType = sourcecode.swift; path = MenuViewController.swift; sourceTree = "<group>"; };
		8E8A63792071EAD0007D9B7A /* Menu.storyboard */ = {isa = PBXFileReference; lastKnownFileType = file.storyboard; path = Menu.storyboard; sourceTree = "<group>"; };
		8E8A637D2071F7BF007D9B7A /* AppColor.swift */ = {isa = PBXFileReference; lastKnownFileType = sourcecode.swift; path = AppColor.swift; sourceTree = "<group>"; };
		8E9672C3207349F10061B7C5 /* SelectMenuViewController.swift */ = {isa = PBXFileReference; fileEncoding = 4; lastKnownFileType = sourcecode.swift; path = SelectMenuViewController.swift; sourceTree = "<group>"; };
		8E9672C72074AEA60061B7C5 /* RequestViewController.swift */ = {isa = PBXFileReference; lastKnownFileType = sourcecode.swift; path = RequestViewController.swift; sourceTree = "<group>"; };
		8EE0738B208468ED0000E22B /* MenuData.swift */ = {isa = PBXFileReference; lastKnownFileType = sourcecode.swift; path = MenuData.swift; sourceTree = "<group>"; };
		8EE073AF2085E49C0000E22B /* CustomTransition.swift */ = {isa = PBXFileReference; lastKnownFileType = sourcecode.swift; path = CustomTransition.swift; sourceTree = "<group>"; };
		8EE538B5206E25AD006BAC26 /* OverEats.app */ = {isa = PBXFileReference; explicitFileType = wrapper.application; includeInIndex = 0; path = OverEats.app; sourceTree = BUILT_PRODUCTS_DIR; };
		8EE538B8206E25AD006BAC26 /* AppDelegate.swift */ = {isa = PBXFileReference; lastKnownFileType = sourcecode.swift; path = AppDelegate.swift; sourceTree = "<group>"; };
		8EE538BD206E25AD006BAC26 /* Base */ = {isa = PBXFileReference; lastKnownFileType = file.storyboard; name = Base; path = Base.lproj/Main.storyboard; sourceTree = "<group>"; };
		8EE538BF206E25AE006BAC26 /* Assets.xcassets */ = {isa = PBXFileReference; lastKnownFileType = folder.assetcatalog; path = Assets.xcassets; sourceTree = "<group>"; };
		8EE538C2206E25AE006BAC26 /* Base */ = {isa = PBXFileReference; lastKnownFileType = file.storyboard; name = Base; path = Base.lproj/LaunchScreen.storyboard; sourceTree = "<group>"; };
		8EE538C4206E25AE006BAC26 /* Info.plist */ = {isa = PBXFileReference; lastKnownFileType = text.plist.xml; path = Info.plist; sourceTree = "<group>"; };
		8EECDB1B208615B200151F43 /* Cart.storyboard */ = {isa = PBXFileReference; lastKnownFileType = file.storyboard; path = Cart.storyboard; sourceTree = "<group>"; };
		8EECDB252086258C00151F43 /* CartHeaderView.swift */ = {isa = PBXFileReference; lastKnownFileType = sourcecode.swift; path = CartHeaderView.swift; sourceTree = "<group>"; };
		8EECDB2B20862E3100151F43 /* CartViewController.swift */ = {isa = PBXFileReference; lastKnownFileType = sourcecode.swift; path = CartViewController.swift; sourceTree = "<group>"; };
		8EECDB2D2086EB3F00151F43 /* CartFooterView.swift */ = {isa = PBXFileReference; lastKnownFileType = sourcecode.swift; path = CartFooterView.swift; sourceTree = "<group>"; };
		8EECDB2F2086EB4F00151F43 /* CartFooterView.xib */ = {isa = PBXFileReference; lastKnownFileType = file.xib; path = CartFooterView.xib; sourceTree = "<group>"; };
		8EECDB312086F2AC00151F43 /* CartCell.swift */ = {isa = PBXFileReference; lastKnownFileType = sourcecode.swift; path = CartCell.swift; sourceTree = "<group>"; };
		8EECDB322086F2AC00151F43 /* CartCell.xib */ = {isa = PBXFileReference; lastKnownFileType = file.xib; path = CartCell.xib; sourceTree = "<group>"; };
		9E46E53C2077D59900FA9721 /* LocationViewController.swift */ = {isa = PBXFileReference; lastKnownFileType = sourcecode.swift; path = LocationViewController.swift; sourceTree = "<group>"; };
		9E60DCCD2074BF4700B9528A /* CreateIDViewController.swift */ = {isa = PBXFileReference; lastKnownFileType = sourcecode.swift; path = CreateIDViewController.swift; sourceTree = "<group>"; };
		9E60DCCF2074C08F00B9528A /* ProfileCreateViewController.swift */ = {isa = PBXFileReference; lastKnownFileType = sourcecode.swift; path = ProfileCreateViewController.swift; sourceTree = "<group>"; };
		9E60DCD12074D1F900B9528A /* ToSViewController.swift */ = {isa = PBXFileReference; lastKnownFileType = sourcecode.swift; path = ToSViewController.swift; sourceTree = "<group>"; };
		E373B345549AF331F65951E3 /* Pods-OverEats.release.xcconfig */ = {isa = PBXFileReference; includeInIndex = 1; lastKnownFileType = text.xcconfig; name = "Pods-OverEats.release.xcconfig"; path = "Pods/Target Support Files/Pods-OverEats/Pods-OverEats.release.xcconfig"; sourceTree = "<group>"; };
/* End PBXFileReference section */

/* Begin PBXFrameworksBuildPhase section */
		8EE538B2206E25AD006BAC26 /* Frameworks */ = {
			isa = PBXFrameworksBuildPhase;
			buildActionMask = 2147483647;
			files = (
				809B12B4F4AEE34759F6AA35 /* Pods_OverEats.framework in Frameworks */,
			);
			runOnlyForDeploymentPostprocessing = 0;
		};
/* End PBXFrameworksBuildPhase section */

/* Begin PBXGroup section */
		290E0003207F84A70004AAD4 /* Main */ = {
			isa = PBXGroup;
			children = (
				8E3A602C2084485100EB5747 /* MainViewController.swift */,
			);
			path = Main;
			sourceTree = "<group>";
		};
		290E000620805A2F0004AAD4 /* Utility */ = {
			isa = PBXGroup;
			children = (
				29DF70E3207E393800E1D023 /* SetTableAutolayout.swift */,
				290E0001207F84640004AAD4 /* DataUtility.swift */,
				290E0004207F890F0004AAD4 /* StoryboardUtility.swift */,
				8EE073AF2085E49C0000E22B /* CustomTransition.swift */,
				290F54102084015D0061A878 /* ImageCacheSetup.swift */,
				290EFFFF207F83D50004AAD4 /* ServiceResult.swift */,
			);
			path = Utility;
			sourceTree = "<group>";
		};
		291C9EF92072239D0085E37E /* Main */ = {
			isa = PBXGroup;
			children = (
				29DF70E2207E350500E1D023 /* Notice */,
				291C9F282075CDBD0085E37E /* MainRestView.swift */,
				291C9F2A2075CDC50085E37E /* MainRestView.xib */,
				291C9F2C2075FAD80085E37E /* MainRestTableViewCell.swift */,
				291C9F2D2075FAD80085E37E /* MainRestTableViewCell.xib */,
				291C9F30207629A10085E37E /* MainInviteTableViewCell.swift */,
				291C9F31207629A10085E37E /* MainInviteTableViewCell.xib */,
				29DF70E5207ED7E400E1D023 /* MainHeaderInSection.swift */,
				29DF70E7207ED7F300E1D023 /* MainHeaderInSection.xib */,
			);
			path = Main;
			sourceTree = "<group>";
		};
		291C9F1220728CF10085E37E /* Service */ = {
			isa = PBXGroup;
			children = (
				291C9F1320728D490085E37E /* MainNetwork.swift */,
				290EFFFB207F7E670004AAD4 /* GetService.swift */,
				290F540E2083A7B20061A878 /* ImageService.swift */,
			);
			path = Service;
			sourceTree = "<group>";
		};
		29DF70E2207E350500E1D023 /* Notice */ = {
			isa = PBXGroup;
			children = (
				290EFFF4207F37CE0004AAD4 /* NoticeTableViewCell.swift */,
				290EFFF5207F37CE0004AAD4 /* NoticeTableViewCell.xib */,
				291C9F2020749CBA0085E37E /* NoticeImageView.swift */,
				291C9F2220749CCE0085E37E /* NoticeImageView.xib */,
			);
			path = Notice;
			sourceTree = "<group>";
		};
		8E3A5FF9207C744B00EB5747 /* Menu */ = {
			isa = PBXGroup;
			children = (
				8E5B9E682079856900921EF4 /* MenuHeaderView.swift */,
				8E5B9E7220798BA300921EF4 /* MenuListCell.swift */,
				8E5B9E7320798BA300921EF4 /* MenuListCell.xib */,
			);
			path = Menu;
			sourceTree = "<group>";
		};
		8E3A5FFA207DB12200EB5747 /* Setting */ = {
			isa = PBXGroup;
			children = (
				8E3A5FFB207DB14900EB5747 /* Setting.storyboard */,
			);
			path = Setting;
			sourceTree = "<group>";
		};
		8E3A5FFD207DB5BD00EB5747 /* Setting */ = {
			isa = PBXGroup;
			children = (
				8E3A6003207DB89900EB5747 /* SettingHeaderView.swift */,
				8E3A6005207DBA9A00EB5747 /* SettingCell.swift */,
				8E3A6006207DBA9A00EB5747 /* SettingCell.xib */,
			);
			path = Setting;
			sourceTree = "<group>";
		};
		8E3A5FFE207DB5DB00EB5747 /* Setting */ = {
			isa = PBXGroup;
			children = (
				8E3A5FFF207DB5FB00EB5747 /* SettingViewController.swift */,
			);
			path = Setting;
			sourceTree = "<group>";
		};
		8E3A602B208444CA00EB5747 /* Recovered References */ = {
			isa = PBXGroup;
			children = (
			);
			name = "Recovered References";
			sourceTree = "<group>";
		};
		8E8A636A2071E53F007D9B7A /* Sign */ = {
			isa = PBXGroup;
			children = (
				8E8A63682071E481007D9B7A /* Sign.storyboard */,
			);
			path = Sign;
			sourceTree = "<group>";
		};
		8E8A63712071E688007D9B7A /* Model */ = {
			isa = PBXGroup;
			children = (
				290EFFFD207F7FF90004AAD4 /* API.swift */,
				8E8A637D2071F7BF007D9B7A /* AppColor.swift */,
				291C9F52207736720085E37E /* SystemData.swift */,
				291C9F54207736BB0085E37E /* UserData.swift */,
				8EE0738B208468ED0000E22B /* MenuData.swift */,
				290EFFF8207F5B340004AAD4 /* MainData.swift */,
			);
			path = Model;
			sourceTree = "<group>";
		};
		8E8A63762071E7FA007D9B7A /* Menu */ = {
			isa = PBXGroup;
			children = (
				8E8A63792071EAD0007D9B7A /* Menu.storyboard */,
			);
			name = Menu;
			path = Sign/Menu;
			sourceTree = "<group>";
		};
		8E8A63782071E9DB007D9B7A /* Main */ = {
			isa = PBXGroup;
			children = (
				8EE538BC206E25AD006BAC26 /* Main.storyboard */,
			);
			path = Main;
			sourceTree = "<group>";
		};
		8E9672D02075FD000061B7C5 /* Menu */ = {
			isa = PBXGroup;
			children = (
				8E8A63722071E7C3007D9B7A /* MenuViewController.swift */,
				8E9672C3207349F10061B7C5 /* SelectMenuViewController.swift */,
				8E9672C72074AEA60061B7C5 /* RequestViewController.swift */,
			);
			path = Menu;
			sourceTree = "<group>";
		};
		8EE538AC206E25AD006BAC26 = {
			isa = PBXGroup;
			children = (
				8EE538B7206E25AD006BAC26 /* OverEats */,
				8EE538B6206E25AD006BAC26 /* Products */,
				E015E62BDC90E205A33E5028 /* Pods */,
				C72F25DA901D6D2FE83A108A /* Frameworks */,
				8E3A602B208444CA00EB5747 /* Recovered References */,
			);
			sourceTree = "<group>";
		};
		8EE538B6206E25AD006BAC26 /* Products */ = {
			isa = PBXGroup;
			children = (
				8EE538B5206E25AD006BAC26 /* OverEats.app */,
			);
			name = Products;
			sourceTree = "<group>";
		};
		8EE538B7206E25AD006BAC26 /* OverEats */ = {
			isa = PBXGroup;
			children = (
				8EE538CA206E359F006BAC26 /* Source */,
				8EE538CB206E35A1006BAC26 /* Resource */,
				8EE538CD206E35A7006BAC26 /* Supporting File */,
			);
			path = OverEats;
			sourceTree = "<group>";
		};
		8EE538CA206E359F006BAC26 /* Source */ = {
			isa = PBXGroup;
			children = (
				290E000620805A2F0004AAD4 /* Utility */,
				291C9F1220728CF10085E37E /* Service */,
				8E8A63712071E688007D9B7A /* Model */,
				8EE538CE206E364E006BAC26 /* AppDelegate */,
				8EE538CF206E369C006BAC26 /* ViewController */,
				8EE538D1206E36AD006BAC26 /* View */,
			);
			path = Source;
			sourceTree = "<group>";
		};
		8EE538CB206E35A1006BAC26 /* Resource */ = {
			isa = PBXGroup;
			children = (
				8EECDB1A2086137D00151F43 /* Cart */,
				8E8A63782071E9DB007D9B7A /* Main */,
				8E8A63762071E7FA007D9B7A /* Menu */,
				8E3A5FFA207DB12200EB5747 /* Setting */,
				8E8A636A2071E53F007D9B7A /* Sign */,
				8EE538C1206E25AE006BAC26 /* LaunchScreen.storyboard */,
				8E3A600A207E480400EB5747 /* images.jpg */,
				8EE538BF206E25AE006BAC26 /* Assets.xcassets */,
			);
			path = Resource;
			sourceTree = "<group>";
		};
		8EE538CD206E35A7006BAC26 /* Supporting File */ = {
			isa = PBXGroup;
			children = (
				8EE538C4206E25AE006BAC26 /* Info.plist */,
			);
			path = "Supporting File";
			sourceTree = "<group>";
		};
		8EE538CE206E364E006BAC26 /* AppDelegate */ = {
			isa = PBXGroup;
			children = (
				8EE538B8206E25AD006BAC26 /* AppDelegate.swift */,
			);
			path = AppDelegate;
			sourceTree = "<group>";
		};
		8EE538CF206E369C006BAC26 /* ViewController */ = {
			isa = PBXGroup;
			children = (
				8E3A5FFE207DB5DB00EB5747 /* Setting */,
				290E0003207F84A70004AAD4 /* Main */,
				9E60DCCC2074AB6A00B9528A /* Sign */,
				8EECDB1D2086217000151F43 /* Cart */,
				8E9672D02075FD000061B7C5 /* Menu */,
			);
			path = ViewController;
			sourceTree = "<group>";
		};
		8EE538D1206E36AD006BAC26 /* View */ = {
			isa = PBXGroup;
			children = (
				8EECDB1E2086241E00151F43 /* Cart */,
				291C9EF92072239D0085E37E /* Main */,
				8E3A5FFD207DB5BD00EB5747 /* Setting */,
				8E3A5FF9207C744B00EB5747 /* Menu */,
			);
			path = View;
			sourceTree = "<group>";
		};
		8EECDB1A2086137D00151F43 /* Cart */ = {
			isa = PBXGroup;
			children = (
				8EECDB1B208615B200151F43 /* Cart.storyboard */,
			);
			path = Cart;
			sourceTree = "<group>";
		};
		8EECDB1D2086217000151F43 /* Cart */ = {
			isa = PBXGroup;
			children = (
				8EECDB2B20862E3100151F43 /* CartViewController.swift */,
			);
			path = Cart;
			sourceTree = "<group>";
		};
		8EECDB1E2086241E00151F43 /* Cart */ = {
			isa = PBXGroup;
			children = (
				8EECDB312086F2AC00151F43 /* CartCell.swift */,
				8EECDB322086F2AC00151F43 /* CartCell.xib */,
				8EECDB252086258C00151F43 /* CartHeaderView.swift */,
				8EECDB2D2086EB3F00151F43 /* CartFooterView.swift */,
				8EECDB2F2086EB4F00151F43 /* CartFooterView.xib */,
			);
			path = Cart;
			sourceTree = "<group>";
		};
		9E60DCCC2074AB6A00B9528A /* Sign */ = {
			isa = PBXGroup;
			children = (
				8E8A636D2071E583007D9B7A /* SignViewController.swift */,
				9E60DCD12074D1F900B9528A /* ToSViewController.swift */,
				9E60DCCD2074BF4700B9528A /* CreateIDViewController.swift */,
				9E60DCCF2074C08F00B9528A /* ProfileCreateViewController.swift */,
				9E46E53C2077D59900FA9721 /* LocationViewController.swift */,
			);
			path = Sign;
			sourceTree = "<group>";
		};
		C72F25DA901D6D2FE83A108A /* Frameworks */ = {
			isa = PBXGroup;
			children = (
				5C9A569FD85EAB1F2AB0E133 /* Pods_OverEats.framework */,
			);
			name = Frameworks;
			sourceTree = "<group>";
		};
		E015E62BDC90E205A33E5028 /* Pods */ = {
			isa = PBXGroup;
			children = (
				215C48F756A0F1994845C08A /* Pods-OverEats.debug.xcconfig */,
				E373B345549AF331F65951E3 /* Pods-OverEats.release.xcconfig */,
			);
			name = Pods;
			sourceTree = "<group>";
		};
/* End PBXGroup section */

/* Begin PBXNativeTarget section */
		8EE538B4206E25AD006BAC26 /* OverEats */ = {
			isa = PBXNativeTarget;
			buildConfigurationList = 8EE538C7206E25AE006BAC26 /* Build configuration list for PBXNativeTarget "OverEats" */;
			buildPhases = (
				0059CCA6B323321BC51C059E /* [CP] Check Pods Manifest.lock */,
				8EE538B1206E25AD006BAC26 /* Sources */,
				8EE538B2206E25AD006BAC26 /* Frameworks */,
				8EE538B3206E25AD006BAC26 /* Resources */,
				AA9A28E6D8B91C872ECB3DE2 /* [CP] Embed Pods Frameworks */,
				96E2A17863D816351E834DAA /* [CP] Copy Pods Resources */,
			);
			buildRules = (
			);
			dependencies = (
			);
			name = OverEats;
			productName = OverEats;
			productReference = 8EE538B5206E25AD006BAC26 /* OverEats.app */;
			productType = "com.apple.product-type.application";
		};
/* End PBXNativeTarget section */

/* Begin PBXProject section */
		8EE538AD206E25AD006BAC26 /* Project object */ = {
			isa = PBXProject;
			attributes = {
				LastSwiftUpdateCheck = 0930;
				LastUpgradeCheck = 0930;
				ORGANIZATIONNAME = "sangwook park";
				TargetAttributes = {
					8EE538B4206E25AD006BAC26 = {
						CreatedOnToolsVersion = 9.3;
					};
				};
			};
			buildConfigurationList = 8EE538B0206E25AD006BAC26 /* Build configuration list for PBXProject "OverEats" */;
			compatibilityVersion = "Xcode 9.3";
			developmentRegion = en;
			hasScannedForEncodings = 0;
			knownRegions = (
				en,
				Base,
			);
			mainGroup = 8EE538AC206E25AD006BAC26;
			productRefGroup = 8EE538B6206E25AD006BAC26 /* Products */;
			projectDirPath = "";
			projectRoot = "";
			targets = (
				8EE538B4206E25AD006BAC26 /* OverEats */,
			);
		};
/* End PBXProject section */

/* Begin PBXResourcesBuildPhase section */
		8EE538B3206E25AD006BAC26 /* Resources */ = {
			isa = PBXResourcesBuildPhase;
			buildActionMask = 2147483647;
			files = (
				8EECDB1C208615B200151F43 /* Cart.storyboard in Resources */,
				291C9F2B2075CDC50085E37E /* MainRestView.xib in Resources */,
				8E8A63692071E481007D9B7A /* Sign.storyboard in Resources */,
				8EECDB342086F2AC00151F43 /* CartCell.xib in Resources */,
				8EE538C3206E25AE006BAC26 /* LaunchScreen.storyboard in Resources */,
				291C9F2320749CCE0085E37E /* NoticeImageView.xib in Resources */,
				290EFFF7207F37CE0004AAD4 /* NoticeTableViewCell.xib in Resources */,
				8EE538C0206E25AE006BAC26 /* Assets.xcassets in Resources */,
				8E5B9E7520798BA300921EF4 /* MenuListCell.xib in Resources */,
				8E8A637A2071EAD0007D9B7A /* Menu.storyboard in Resources */,
				291C9F2F2075FAD80085E37E /* MainRestTableViewCell.xib in Resources */,
				8EE538BE206E25AD006BAC26 /* Main.storyboard in Resources */,
				291C9F33207629A10085E37E /* MainInviteTableViewCell.xib in Resources */,
				8E3A600B207E480400EB5747 /* images.jpg in Resources */,
				8E3A6008207DBA9A00EB5747 /* SettingCell.xib in Resources */,
				8E3A5FFC207DB14900EB5747 /* Setting.storyboard in Resources */,
				29DF70E8207ED7F300E1D023 /* MainHeaderInSection.xib in Resources */,
				8EECDB302086EB4F00151F43 /* CartFooterView.xib in Resources */,
			);
			runOnlyForDeploymentPostprocessing = 0;
		};
/* End PBXResourcesBuildPhase section */

/* Begin PBXShellScriptBuildPhase section */
		0059CCA6B323321BC51C059E /* [CP] Check Pods Manifest.lock */ = {
			isa = PBXShellScriptBuildPhase;
			buildActionMask = 2147483647;
			files = (
			);
			inputPaths = (
				"${PODS_PODFILE_DIR_PATH}/Podfile.lock",
				"${PODS_ROOT}/Manifest.lock",
			);
			name = "[CP] Check Pods Manifest.lock";
			outputPaths = (
				"$(DERIVED_FILE_DIR)/Pods-OverEats-checkManifestLockResult.txt",
			);
			runOnlyForDeploymentPostprocessing = 0;
			shellPath = /bin/sh;
			shellScript = "diff \"${PODS_PODFILE_DIR_PATH}/Podfile.lock\" \"${PODS_ROOT}/Manifest.lock\" > /dev/null\nif [ $? != 0 ] ; then\n    # print error to STDERR\n    echo \"error: The sandbox is not in sync with the Podfile.lock. Run 'pod install' or update your CocoaPods installation.\" >&2\n    exit 1\nfi\n# This output is used by Xcode 'outputs' to avoid re-running this script phase.\necho \"SUCCESS\" > \"${SCRIPT_OUTPUT_FILE_0}\"\n";
			showEnvVarsInLog = 0;
		};
		96E2A17863D816351E834DAA /* [CP] Copy Pods Resources */ = {
			isa = PBXShellScriptBuildPhase;
			buildActionMask = 2147483647;
			files = (
			);
			inputPaths = (
			);
			name = "[CP] Copy Pods Resources";
			outputPaths = (
			);
			runOnlyForDeploymentPostprocessing = 0;
			shellPath = /bin/sh;
			shellScript = "\"${SRCROOT}/Pods/Target Support Files/Pods-OverEats/Pods-OverEats-resources.sh\"\n";
			showEnvVarsInLog = 0;
		};
		AA9A28E6D8B91C872ECB3DE2 /* [CP] Embed Pods Frameworks */ = {
			isa = PBXShellScriptBuildPhase;
			buildActionMask = 2147483647;
			files = (
			);
			inputPaths = (
				"${SRCROOT}/Pods/Target Support Files/Pods-OverEats/Pods-OverEats-frameworks.sh",
				"${BUILT_PRODUCTS_DIR}/Alamofire/Alamofire.framework",
			);
			name = "[CP] Embed Pods Frameworks";
			outputPaths = (
				"${TARGET_BUILD_DIR}/${FRAMEWORKS_FOLDER_PATH}/Alamofire.framework",
			);
			runOnlyForDeploymentPostprocessing = 0;
			shellPath = /bin/sh;
			shellScript = "\"${SRCROOT}/Pods/Target Support Files/Pods-OverEats/Pods-OverEats-frameworks.sh\"\n";
			showEnvVarsInLog = 0;
		};
/* End PBXShellScriptBuildPhase section */

/* Begin PBXSourcesBuildPhase section */
		8EE538B1206E25AD006BAC26 /* Sources */ = {
			isa = PBXSourcesBuildPhase;
			buildActionMask = 2147483647;
			files = (
				290F54112084015D0061A878 /* ImageCacheSetup.swift in Sources */,
				290F540F2083A7B20061A878 /* ImageService.swift in Sources */,
				291C9F292075CDBD0085E37E /* MainRestView.swift in Sources */,
				290EFFF6207F37CE0004AAD4 /* NoticeTableViewCell.swift in Sources */,
				8E8A63732071E7C3007D9B7A /* MenuViewController.swift in Sources */,
				8E9672C82074AEA60061B7C5 /* RequestViewController.swift in Sources */,
				291C9F53207736720085E37E /* SystemData.swift in Sources */,
				291C9F55207736BB0085E37E /* UserData.swift in Sources */,
				8EECDB2E2086EB3F00151F43 /* CartFooterView.swift in Sources */,
				8EE538B9206E25AD006BAC26 /* AppDelegate.swift in Sources */,
				291C9F1420728D490085E37E /* MainNetwork.swift in Sources */,
				8EECDB332086F2AC00151F43 /* CartCell.swift in Sources */,
				291C9F2120749CBA0085E37E /* NoticeImageView.swift in Sources */,
				8E3A6000207DB5FB00EB5747 /* SettingViewController.swift in Sources */,
				8E8A637E2071F7BF007D9B7A /* AppColor.swift in Sources */,
				290EFFF9207F5B340004AAD4 /* MainData.swift in Sources */,
				8E3A602D2084485100EB5747 /* MainViewController.swift in Sources */,
				8EE0738C208468ED0000E22B /* MenuData.swift in Sources */,
				290EFFFE207F7FF90004AAD4 /* API.swift in Sources */,
				290E0005207F890F0004AAD4 /* StoryboardUtility.swift in Sources */,
				291C9F2E2075FAD80085E37E /* MainRestTableViewCell.swift in Sources */,
				291C9F32207629A10085E37E /* MainInviteTableViewCell.swift in Sources */,
				290EFFFC207F7E670004AAD4 /* GetService.swift in Sources */,
				290E0002207F84640004AAD4 /* DataUtility.swift in Sources */,
				9E60DCD02074C08F00B9528A /* ProfileCreateViewController.swift in Sources */,
				29DF70E6207ED7E400E1D023 /* MainHeaderInSection.swift in Sources */,
				290E0000207F83D50004AAD4 /* ServiceResult.swift in Sources */,
				9E46E53D2077D59900FA9721 /* LocationViewController.swift in Sources */,
				8E8A636E2071E583007D9B7A /* SignViewController.swift in Sources */,
				9E60DCCE2074BF4700B9528A /* CreateIDViewController.swift in Sources */,
				8EECDB2C20862E3100151F43 /* CartViewController.swift in Sources */,
				29DF70E4207E393800E1D023 /* SetTableAutolayout.swift in Sources */,
				9E60DCD22074D1F900B9528A /* ToSViewController.swift in Sources */,
				8E3A6007207DBA9A00EB5747 /* SettingCell.swift in Sources */,
				8EE073B02085E49C0000E22B /* CustomTransition.swift in Sources */,
				8EECDB262086258C00151F43 /* CartHeaderView.swift in Sources */,
				8E5B9E7420798BA300921EF4 /* MenuListCell.swift in Sources */,
				8E5B9E692079856900921EF4 /* MenuHeaderView.swift in Sources */,
				8E9672C4207349F10061B7C5 /* SelectMenuViewController.swift in Sources */,
				8E3A6004207DB89900EB5747 /* SettingHeaderView.swift in Sources */,
			);
			runOnlyForDeploymentPostprocessing = 0;
		};
/* End PBXSourcesBuildPhase section */

/* Begin PBXVariantGroup section */
		8EE538BC206E25AD006BAC26 /* Main.storyboard */ = {
			isa = PBXVariantGroup;
			children = (
				8EE538BD206E25AD006BAC26 /* Base */,
			);
			name = Main.storyboard;
			sourceTree = "<group>";
		};
		8EE538C1206E25AE006BAC26 /* LaunchScreen.storyboard */ = {
			isa = PBXVariantGroup;
			children = (
				8EE538C2206E25AE006BAC26 /* Base */,
			);
			name = LaunchScreen.storyboard;
			sourceTree = "<group>";
		};
/* End PBXVariantGroup section */

/* Begin XCBuildConfiguration section */
		8EE538C5206E25AE006BAC26 /* Debug */ = {
			isa = XCBuildConfiguration;
			buildSettings = {
				ALWAYS_SEARCH_USER_PATHS = NO;
				CLANG_ANALYZER_NONNULL = YES;
				CLANG_ANALYZER_NUMBER_OBJECT_CONVERSION = YES_AGGRESSIVE;
				CLANG_CXX_LANGUAGE_STANDARD = "gnu++14";
				CLANG_CXX_LIBRARY = "libc++";
				CLANG_ENABLE_MODULES = YES;
				CLANG_ENABLE_OBJC_ARC = YES;
				CLANG_ENABLE_OBJC_WEAK = YES;
				CLANG_WARN_BLOCK_CAPTURE_AUTORELEASING = YES;
				CLANG_WARN_BOOL_CONVERSION = YES;
				CLANG_WARN_COMMA = YES;
				CLANG_WARN_CONSTANT_CONVERSION = YES;
				CLANG_WARN_DEPRECATED_OBJC_IMPLEMENTATIONS = YES;
				CLANG_WARN_DIRECT_OBJC_ISA_USAGE = YES_ERROR;
				CLANG_WARN_DOCUMENTATION_COMMENTS = YES;
				CLANG_WARN_EMPTY_BODY = YES;
				CLANG_WARN_ENUM_CONVERSION = YES;
				CLANG_WARN_INFINITE_RECURSION = YES;
				CLANG_WARN_INT_CONVERSION = YES;
				CLANG_WARN_NON_LITERAL_NULL_CONVERSION = YES;
				CLANG_WARN_OBJC_IMPLICIT_RETAIN_SELF = YES;
				CLANG_WARN_OBJC_LITERAL_CONVERSION = YES;
				CLANG_WARN_OBJC_ROOT_CLASS = YES_ERROR;
				CLANG_WARN_RANGE_LOOP_ANALYSIS = YES;
				CLANG_WARN_STRICT_PROTOTYPES = YES;
				CLANG_WARN_SUSPICIOUS_MOVE = YES;
				CLANG_WARN_UNGUARDED_AVAILABILITY = YES_AGGRESSIVE;
				CLANG_WARN_UNREACHABLE_CODE = YES;
				CLANG_WARN__DUPLICATE_METHOD_MATCH = YES;
				CODE_SIGN_IDENTITY = "iPhone Developer";
				COPY_PHASE_STRIP = NO;
				DEBUG_INFORMATION_FORMAT = dwarf;
				ENABLE_STRICT_OBJC_MSGSEND = YES;
				ENABLE_TESTABILITY = YES;
				GCC_C_LANGUAGE_STANDARD = gnu11;
				GCC_DYNAMIC_NO_PIC = NO;
				GCC_NO_COMMON_BLOCKS = YES;
				GCC_OPTIMIZATION_LEVEL = 0;
				GCC_PREPROCESSOR_DEFINITIONS = (
					"DEBUG=1",
					"$(inherited)",
				);
				GCC_WARN_64_TO_32_BIT_CONVERSION = YES;
				GCC_WARN_ABOUT_RETURN_TYPE = YES_ERROR;
				GCC_WARN_UNDECLARED_SELECTOR = YES;
				GCC_WARN_UNINITIALIZED_AUTOS = YES_AGGRESSIVE;
				GCC_WARN_UNUSED_FUNCTION = YES;
				GCC_WARN_UNUSED_VARIABLE = YES;
				IPHONEOS_DEPLOYMENT_TARGET = 11.3;
				MTL_ENABLE_DEBUG_INFO = YES;
				ONLY_ACTIVE_ARCH = YES;
				SDKROOT = iphoneos;
				SWIFT_ACTIVE_COMPILATION_CONDITIONS = DEBUG;
				SWIFT_OBJC_BRIDGING_HEADER = "";
				SWIFT_OPTIMIZATION_LEVEL = "-Onone";
			};
			name = Debug;
		};
		8EE538C6206E25AE006BAC26 /* Release */ = {
			isa = XCBuildConfiguration;
			buildSettings = {
				ALWAYS_SEARCH_USER_PATHS = NO;
				CLANG_ANALYZER_NONNULL = YES;
				CLANG_ANALYZER_NUMBER_OBJECT_CONVERSION = YES_AGGRESSIVE;
				CLANG_CXX_LANGUAGE_STANDARD = "gnu++14";
				CLANG_CXX_LIBRARY = "libc++";
				CLANG_ENABLE_MODULES = YES;
				CLANG_ENABLE_OBJC_ARC = YES;
				CLANG_ENABLE_OBJC_WEAK = YES;
				CLANG_WARN_BLOCK_CAPTURE_AUTORELEASING = YES;
				CLANG_WARN_BOOL_CONVERSION = YES;
				CLANG_WARN_COMMA = YES;
				CLANG_WARN_CONSTANT_CONVERSION = YES;
				CLANG_WARN_DEPRECATED_OBJC_IMPLEMENTATIONS = YES;
				CLANG_WARN_DIRECT_OBJC_ISA_USAGE = YES_ERROR;
				CLANG_WARN_DOCUMENTATION_COMMENTS = YES;
				CLANG_WARN_EMPTY_BODY = YES;
				CLANG_WARN_ENUM_CONVERSION = YES;
				CLANG_WARN_INFINITE_RECURSION = YES;
				CLANG_WARN_INT_CONVERSION = YES;
				CLANG_WARN_NON_LITERAL_NULL_CONVERSION = YES;
				CLANG_WARN_OBJC_IMPLICIT_RETAIN_SELF = YES;
				CLANG_WARN_OBJC_LITERAL_CONVERSION = YES;
				CLANG_WARN_OBJC_ROOT_CLASS = YES_ERROR;
				CLANG_WARN_RANGE_LOOP_ANALYSIS = YES;
				CLANG_WARN_STRICT_PROTOTYPES = YES;
				CLANG_WARN_SUSPICIOUS_MOVE = YES;
				CLANG_WARN_UNGUARDED_AVAILABILITY = YES_AGGRESSIVE;
				CLANG_WARN_UNREACHABLE_CODE = YES;
				CLANG_WARN__DUPLICATE_METHOD_MATCH = YES;
				CODE_SIGN_IDENTITY = "iPhone Developer";
				COPY_PHASE_STRIP = NO;
				DEBUG_INFORMATION_FORMAT = "dwarf-with-dsym";
				ENABLE_NS_ASSERTIONS = NO;
				ENABLE_STRICT_OBJC_MSGSEND = YES;
				GCC_C_LANGUAGE_STANDARD = gnu11;
				GCC_NO_COMMON_BLOCKS = YES;
				GCC_WARN_64_TO_32_BIT_CONVERSION = YES;
				GCC_WARN_ABOUT_RETURN_TYPE = YES_ERROR;
				GCC_WARN_UNDECLARED_SELECTOR = YES;
				GCC_WARN_UNINITIALIZED_AUTOS = YES_AGGRESSIVE;
				GCC_WARN_UNUSED_FUNCTION = YES;
				GCC_WARN_UNUSED_VARIABLE = YES;
				IPHONEOS_DEPLOYMENT_TARGET = 11.3;
				MTL_ENABLE_DEBUG_INFO = NO;
				SDKROOT = iphoneos;
				SWIFT_COMPILATION_MODE = wholemodule;
				SWIFT_OBJC_BRIDGING_HEADER = "";
				SWIFT_OPTIMIZATION_LEVEL = "-O";
				VALIDATE_PRODUCT = YES;
			};
			name = Release;
		};
		8EE538C8206E25AE006BAC26 /* Debug */ = {
			isa = XCBuildConfiguration;
			baseConfigurationReference = 215C48F756A0F1994845C08A /* Pods-OverEats.debug.xcconfig */;
			buildSettings = {
				ASSETCATALOG_COMPILER_APPICON_NAME = AppIcon;
				CODE_SIGN_STYLE = Automatic;
				DEVELOPMENT_TEAM = G4MM77V7NH;
				INFOPLIST_FILE = "OverEats/Supporting File/Info.plist";
				LD_RUNPATH_SEARCH_PATHS = (
					"$(inherited)",
					"@executable_path/Frameworks",
				);
				PRODUCT_BUNDLE_IDENTIFIER = com.OverEats;
				PRODUCT_NAME = "$(TARGET_NAME)";
				SWIFT_VERSION = 4.0;
				TARGETED_DEVICE_FAMILY = "1,2";
			};
			name = Debug;
		};
		8EE538C9206E25AE006BAC26 /* Release */ = {
			isa = XCBuildConfiguration;
			baseConfigurationReference = E373B345549AF331F65951E3 /* Pods-OverEats.release.xcconfig */;
			buildSettings = {
				ASSETCATALOG_COMPILER_APPICON_NAME = AppIcon;
				CODE_SIGN_STYLE = Automatic;
				DEVELOPMENT_TEAM = G4MM77V7NH;
				INFOPLIST_FILE = "OverEats/Supporting File/Info.plist";
				LD_RUNPATH_SEARCH_PATHS = (
					"$(inherited)",
					"@executable_path/Frameworks",
				);
				PRODUCT_BUNDLE_IDENTIFIER = com.OverEats;
				PRODUCT_NAME = "$(TARGET_NAME)";
				SWIFT_VERSION = 4.0;
				TARGETED_DEVICE_FAMILY = "1,2";
			};
			name = Release;
		};
/* End XCBuildConfiguration section */

/* Begin XCConfigurationList section */
		8EE538B0206E25AD006BAC26 /* Build configuration list for PBXProject "OverEats" */ = {
			isa = XCConfigurationList;
			buildConfigurations = (
				8EE538C5206E25AE006BAC26 /* Debug */,
				8EE538C6206E25AE006BAC26 /* Release */,
			);
			defaultConfigurationIsVisible = 0;
			defaultConfigurationName = Release;
		};
		8EE538C7206E25AE006BAC26 /* Build configuration list for PBXNativeTarget "OverEats" */ = {
			isa = XCConfigurationList;
			buildConfigurations = (
				8EE538C8206E25AE006BAC26 /* Debug */,
				8EE538C9206E25AE006BAC26 /* Release */,
			);
			defaultConfigurationIsVisible = 0;
			defaultConfigurationName = Release;
		};
/* End XCConfigurationList section */
	};
	rootObject = 8EE538AD206E25AD006BAC26 /* Project object */;
}
